// !$*UTF8*$!
{
	archiveVersion = 1;
	classes = {
	};
	objectVersion = 48;
	objects = {

/* Begin PBXBuildFile section */
		94BCF0AE1F854C1200F5706E /* AppDelegate.swift in Sources */ = {isa = PBXBuildFile; fileRef = 94BCF0AD1F854C1200F5706E /* AppDelegate.swift */; };
		94BCF0B01F854C1200F5706E /* AviewController.swift in Sources */ = {isa = PBXBuildFile; fileRef = 94BCF0AF1F854C1200F5706E /* AviewController.swift */; };
		94BCF0B51F854C1200F5706E /* Main.storyboard in Resources */ = {isa = PBXBuildFile; fileRef = 94BCF0B31F854C1200F5706E /* Main.storyboard */; };
		94BCF0B71F854C1200F5706E /* Assets.xcassets in Resources */ = {isa = PBXBuildFile; fileRef = 94BCF0B61F854C1200F5706E /* Assets.xcassets */; };
		94BCF0BA1F854C1200F5706E /* LaunchScreen.storyboard in Resources */ = {isa = PBXBuildFile; fileRef = 94BCF0B81F854C1200F5706E /* LaunchScreen.storyboard */; };
/* End PBXBuildFile section */

/* Begin PBXFileReference section */
		94BCF0AA1F854C1200F5706E /* Git Demo.app */ = {isa = PBXFileReference; explicitFileType = wrapper.application; includeInIndex = 0; path = "Git Demo.app"; sourceTree = BUILT_PRODUCTS_DIR; };
		94BCF0AD1F854C1200F5706E /* AppDelegate.swift */ = {isa = PBXFileReference; lastKnownFileType = sourcecode.swift; path = AppDelegate.swift; sourceTree = "<group>"; };
		94BCF0AF1F854C1200F5706E /* AviewController.swift */ = {isa = PBXFileReference; lastKnownFileType = sourcecode.swift; path = AviewController.swift; sourceTree = "<group>"; };
		94BCF0B41F854C1200F5706E /* Base */ = {isa = PBXFileReference; lastKnownFileType = file.storyboard; name = Base; path = Base.lproj/Main.storyboard; sourceTree = "<group>"; };
		94BCF0B61F854C1200F5706E /* Assets.xcassets */ = {isa = PBXFileReference; lastKnownFileType = folder.assetcatalog; path = Assets.xcassets; sourceTree = "<group>"; };
		94BCF0B91F854C1200F5706E /* Base */ = {isa = PBXFileReference; lastKnownFileType = file.storyboard; name = Base; path = Base.lproj/LaunchScreen.storyboard; sourceTree = "<group>"; };
		94BCF0BB1F854C1200F5706E /* Info.plist */ = {isa = PBXFileReference; lastKnownFileType = text.plist.xml; path = Info.plist; sourceTree = "<group>"; };
/* End PBXFileReference section */

/* Begin PBXFrameworksBuildPhase section */
		94BCF0A71F854C1200F5706E /* Frameworks */ = {
			isa = PBXFrameworksBuildPhase;
			buildActionMask = 2147483647;
			files = (
			);
			runOnlyForDeploymentPostprocessing = 0;
		};
/* End PBXFrameworksBuildPhase section */

/* Begin PBXGroup section */
		94BCF0A11F854C1200F5706E = {
			isa = PBXGroup;
			children = (
				94BCF0AC1F854C1200F5706E /* Git Demo */,
				94BCF0AB1F854C1200F5706E /* Products */,
			);
			sourceTree = "<group>";
		};
		94BCF0AB1F854C1200F5706E /* Products */ = {
			isa = PBXGroup;
			children = (
				94BCF0AA1F854C1200F5706E /* Git Demo.app */,
			);
			name = Products;
			sourceTree = "<group>";
		};
		94BCF0AC1F854C1200F5706E /* Git Demo */ = {
			isa = PBXGroup;
			children = (
				94BCF0AD1F854C1200F5706E /* AppDelegate.swift */,
				94BCF0AF1F854C1200F5706E /* AviewController.swift */,
				94BCF0B31F854C1200F5706E /* Main.storyboard */,
				94BCF0B61F854C1200F5706E /* Assets.xcassets */,
				94BCF0B81F854C1200F5706E /* LaunchScreen.storyboard */,
				94BCF0BB1F854C1200F5706E /* Info.plist */,
			);
			path = "Git Demo";
			sourceTree = "<group>";
		};
/* End PBXGroup section */

/* Begin PBXNativeTarget section */
		94BCF0A91F854C1200F5706E /* Git Demo */ = {
			isa = PBXNativeTarget;
			buildConfigurationList = 94BCF0BE1F854C1200F5706E /* Build configuration list for PBXNativeTarget "Git Demo" */;
			buildPhases = (
				94BCF0A61F854C1200F5706E /* Sources */,
				94BCF0A71F854C1200F5706E /* Frameworks */,
				94BCF0A81F854C1200F5706E /* Resources */,
			);
			buildRules = (
			);
			dependencies = (
			);
			name = "Git Demo";
			productName = "Git Demo";
			productReference = 94BCF0AA1F854C1200F5706E /* Git Demo.app */;
			productType = "com.apple.product-type.application";
		};
/* End PBXNativeTarget section */

/* Begin PBXProject section */
		94BCF0A21F854C1200F5706E /* Project object */ = {
			isa = PBXProject;
			attributes = {
				LastSwiftUpdateCheck = 0900;
				LastUpgradeCheck = 0900;
				ORGANIZATIONNAME = "Kankanala,Nikhil Reddy";
				TargetAttributes = {
					94BCF0A91F854C1200F5706E = {
						CreatedOnToolsVersion = 9.0;
						ProvisioningStyle = Automatic;
					};
				};
			};
			buildConfigurationList = 94BCF0A51F854C1200F5706E /* Build configuration list for PBXProject "Git Demo" */;
			compatibilityVersion = "Xcode 8.0";
			developmentRegion = en;
			hasScannedForEncodings = 0;
			knownRegions = (
				en,
				Base,
			);
			mainGroup = 94BCF0A11F854C1200F5706E;
			productRefGroup = 94BCF0AB1F854C1200F5706E /* Products */;
			projectDirPath = "";
			projectRoot = "";
			targets = (
				94BCF0A91F854C1200F5706E /* Git Demo */,
			);
		};
/* End PBXProject section */

/* Begin PBXResourcesBuildPhase section */
		94BCF0A81F854C1200F5706E /* Resources */ = {
			isa = PBXResourcesBuildPhase;
			buildActionMask = 2147483647;
			files = (
				94BCF0BA1F854C1200F5706E /* LaunchScreen.storyboard in Resources */,
				94BCF0B71F854C1200F5706E /* Assets.xcassets in Resources */,
				94BCF0B51F854C1200F5706E /* Main.storyboard in Resources */,
			);
			runOnlyForDeploymentPostprocessing = 0;
		};
/* End PBXResourcesBuildPhase section */

/* Begin PBXSourcesBuildPhase section */
		94BCF0A61F854C1200F5706E /* Sources */ = {
			isa = PBXSourcesBuildPhase;
			buildActionMask = 2147483647;
			files = (
				94BCF0AE1F854C1200F5706E /* AppDelegate.swift in Sources */,
				94BCF0B01F854C1200F5706E /* AviewController.swift in Sources */,
			);
			runOnlyForDeploymentPostprocessing = 0;
		};
/* End PBXSourcesBuildPhase section */

/* Begin PBXVariantGroup section */
		94BCF0B31F854C1200F5706E /* Main.storyboard */ = {
			isa = PBXVariantGroup;
			children = (
				94BCF0B41F854C1200F5706E /* Base */,
			);
			name = Main.storyboard;
			sourceTree = "<group>";
		};
		94BCF0B81F854C1200F5706E /* LaunchScreen.storyboard */ = {
			isa = PBXVariantGroup;
			children = (
				94BCF0B91F854C1200F5706E /* Base */,
			);
			name = LaunchScreen.storyboard;
			sourceTree = "<group>";
		};
/* End PBXVariantGroup section */

/* Begin XCBuildConfiguration section */
		94BCF0BC1F854C1200F5706E /* Debug */ = {
			isa = XCBuildConfiguration;
			buildSettings = {
				ALWAYS_SEARCH_USER_PATHS = NO;
				CLANG_ANALYZER_NONNULL = YES;
				CLANG_ANALYZER_NUMBER_OBJECT_CONVERSION = YES_AGGRESSIVE;
				CLANG_CXX_LANGUAGE_STANDARD = "gnu++14";
				CLANG_CXX_LIBRARY = "libc++";
				CLANG_ENABLE_MODULES = YES;
				CLANG_ENABLE_OBJC_ARC = YES;
				CLANG_WARN_BLOCK_CAPTURE_AUTORELEASING = YES;
				CLANG_WARN_BOOL_CONVERSION = YES;
				CLANG_WARN_COMMA = YES;
				CLANG_WARN_CONSTANT_CONVERSION = YES;
				CLANG_WARN_DIRECT_OBJC_ISA_USAGE = YES_ERROR;
				CLANG_WARN_DOCUMENTATION_COMMENTS = YES;
				CLANG_WARN_EMPTY_BODY = YES;
				CLANG_WARN_ENUM_CONVERSION = YES;
				CLANG_WARN_INFINITE_RECURSION = YES;
				CLANG_WARN_INT_CONVERSION = YES;
				CLANG_WARN_NON_LITERAL_NULL_CONVERSION = YES;
				CLANG_WARN_OBJC_LITERAL_CONVERSION = YES;
				CLANG_WARN_OBJC_ROOT_CLASS = YES_ERROR;
				CLANG_WARN_RANGE_LOOP_ANALYSIS = YES;
				CLANG_WARN_STRICT_PROTOTYPES = YES;
				CLANG_WARN_SUSPICIOUS_MOVE = YES;
				CLANG_WARN_UNGUARDED_AVAILABILITY = YES_AGGRESSIVE;
				CLANG_WARN_UNREACHABLE_CODE = YES;
				CLANG_WARN__DUPLICATE_METHOD_MATCH = YES;
				CODE_SIGN_IDENTITY = "iPhone Developer";
				COPY_PHASE_STRIP = NO;
				DEBUG_INFORMATION_FORMAT = dwarf;
				ENABLE_STRICT_OBJC_MSGSEND = YES;
				ENABLE_TESTABILITY = YES;
				GCC_C_LANGUAGE_STANDARD = gnu11;
				GCC_DYNAMIC_NO_PIC = NO;
				GCC_NO_COMMON_BLOCKS = YES;
				GCC_OPTIMIZATION_LEVEL = 0;
				GCC_PREPROCESSOR_DEFINITIONS = (
					"DEBUG=1",
					"$(inherited)",
				);
				GCC_WARN_64_TO_32_BIT_CONVERSION = YES;
				GCC_WARN_ABOUT_RETURN_TYPE = YES_ERROR;
				GCC_WARN_UNDECLARED_SELECTOR = YES;
				GCC_WARN_UNINITIALIZED_AUTOS = YES_AGGRESSIVE;
				GCC_WARN_UNUSED_FUNCTION = YES;
				GCC_WARN_UNUSED_VARIABLE = YES;
				IPHONEOS_DEPLOYMENT_TARGET = 11.0;
				MTL_ENABLE_DEBUG_INFO = YES;
				ONLY_ACTIVE_ARCH = YES;
				SDKROOT = iphoneos;
				SWIFT_ACTIVE_COMPILATION_CONDITIONS = DEBUG;
				SWIFT_OPTIMIZATION_LEVEL = "-Onone";
			};
			name = Debug;
		};
		94BCF0BD1F854C1200F5706E /* Release */ = {
			isa = XCBuildConfiguration;
			buildSettings = {
				ALWAYS_SEARCH_USER_PATHS = NO;
				CLANG_ANALYZER_NONNULL = YES;
				CLANG_ANALYZER_NUMBER_OBJECT_CONVERSION = YES_AGGRESSIVE;
				CLANG_CXX_LANGUAGE_STANDARD = "gnu++14";
				CLANG_CXX_LIBRARY = "libc++";
				CLANG_ENABLE_MODULES = YES;
				CLANG_ENABLE_OBJC_ARC = YES;
				CLANG_WARN_BLOCK_CAPTURE_AUTORELEASING = YES;
				CLANG_WARN_BOOL_CONVERSION = YES;
				CLANG_WARN_COMMA = YES;
				CLANG_WARN_CONSTANT_CONVERSION = YES;
				CLANG_WARN_DIRECT_OBJC_ISA_USAGE = YES_ERROR;
				CLANG_WARN_DOCUMENTATION_COMMENTS = YES;
				CLANG_WARN_EMPTY_BODY = YES;
				CLANG_WARN_ENUM_CONVERSION = YES;
				CLANG_WARN_INFINITE_RECURSION = YES;
				CLANG_WARN_INT_CONVERSION = YES;
				CLANG_WARN_NON_LITERAL_NULL_CONVERSION = YES;
				CLANG_WARN_OBJC_LITERAL_CONVERSION = YES;
				CLANG_WARN_OBJC_ROOT_CLASS = YES_ERROR;
				CLANG_WARN_RANGE_LOOP_ANALYSIS = YES;
				CLANG_WARN_STRICT_PROTOTYPES = YES;
				CLANG_WARN_SUSPICIOUS_MOVE = YES;
				CLANG_WARN_UNGUARDED_AVAILABILITY = YES_AGGRESSIVE;
				CLANG_WARN_UNREACHABLE_CODE = YES;
				CLANG_WARN__DUPLICATE_METHOD_MATCH = YES;
				CODE_SIGN_IDENTITY = "iPhone Developer";
				COPY_PHASE_STRIP = NO;
				DEBUG_INFORMATION_FORMAT = "dwarf-with-dsym";
				ENABLE_NS_ASSERTIONS = NO;
				ENABLE_STRICT_OBJC_MSGSEND = YES;
				GCC_C_LANGUAGE_STANDARD = gnu11;
				GCC_NO_COMMON_BLOCKS = YES;
				GCC_WARN_64_TO_32_BIT_CONVERSION = YES;
				GCC_WARN_ABOUT_RETURN_TYPE = YES_ERROR;
				GCC_WARN_UNDECLARED_SELECTOR = YES;
				GCC_WARN_UNINITIALIZED_AUTOS = YES_AGGRESSIVE;
				GCC_WARN_UNUSED_FUNCTION = YES;
				GCC_WARN_UNUSED_VARIABLE = YES;
				IPHONEOS_DEPLOYMENT_TARGET = 11.0;
				MTL_ENABLE_DEBUG_INFO = NO;
				SDKROOT = iphoneos;
				SWIFT_OPTIMIZATION_LEVEL = "-Owholemodule";
				VALIDATE_PRODUCT = YES;
			};
			name = Release;
		};
		94BCF0BF1F854C1200F5706E /* Debug */ = {
			isa = XCBuildConfiguration;
			buildSettings = {
				ASSETCATALOG_COMPILER_APPICON_NAME = AppIcon;
				CODE_SIGN_STYLE = Automatic;
				INFOPLIST_FILE = "Git Demo/Info.plist";
				LD_RUNPATH_SEARCH_PATHS = "$(inherited) @executable_path/Frameworks";
				PRODUCT_BUNDLE_IDENTIFIER = "s528741.Git-Demo";
				PRODUCT_NAME = "$(TARGET_NAME)";
				SWIFT_VERSION = 4.0;
				TARGETED_DEVICE_FAMILY = "1,2";
			};
			name = Debug;
		};
		94BCF0C01F854C1200F5706E /* Release */ = {
			isa = XCBuildConfiguration;
			buildSettings = {
				ASSETCATALOG_COMPILER_APPICON_NAME = AppIcon;
				CODE_SIGN_STYLE = Automatic;
				INFOPLIST_FILE = "Git Demo/Info.plist";
				LD_RUNPATH_SEARCH_PATHS = "$(inherited) @executable_path/Frameworks";
				PRODUCT_BUNDLE_IDENTIFIER = "s528741.Git-Demo";
				PRODUCT_NAME = "$(TARGET_NAME)";
				SWIFT_VERSION = 4.0;
				TARGETED_DEVICE_FAMILY = "1,2";
			};
			name = Release;
		};
/* End XCBuildConfiguration section */

/* Begin XCConfigurationList section */
		94BCF0A51F854C1200F5706E /* Build configuration list for PBXProject "Git Demo" */ = {
			isa = XCConfigurationList;
			buildConfigurations = (
				94BCF0BC1F854C1200F5706E /* Debug */,
				94BCF0BD1F854C1200F5706E /* Release */,
			);
			defaultConfigurationIsVisible = 0;
			defaultConfigurationName = Release;
		};
		94BCF0BE1F854C1200F5706E /* Build configuration list for PBXNativeTarget "Git Demo" */ = {
			isa = XCConfigurationList;
			buildConfigurations = (
				94BCF0BF1F854C1200F5706E /* Debug */,
				94BCF0C01F854C1200F5706E /* Release */,
			);
			defaultConfigurationIsVisible = 0;
			defaultConfigurationName = Release;
		};
/* End XCConfigurationList section */
	};
	rootObject = 94BCF0A21F854C1200F5706E /* Project object */;
}
